lockfileVersion: '6.0'

settings:
  autoInstallPeers: true
  excludeLinksFromLockfile: false

dependencies:
  '@actions/core':
    specifier: ^1.10.1
    version: 1.11.1

devDependencies:
  '@vercel/ncc':
    specifier: ^0.38.1
    version: 0.38.1
  typescript:
    specifier: ^5.3.3
    version: 5.3.3

packages:

  /@actions/core@1.11.1:
    resolution: {integrity: sha512-hXJCSrkwfA46Vd9Z3q4cpEpHB1rL5NG04+/rbqW9d3+CSvtB1tYe8UTpAlixa1vj0m/ULglfEK2UKxMGxCxv5A==}
    dependencies:
      '@actions/exec': 1.1.1
      '@actions/http-client': 2.2.3
    dev: false

  /@actions/exec@1.1.1:
    resolution: {integrity: sha512-+sCcHHbVdk93a0XT19ECtO/gIXoxvdsgQLzb2fE2/5sIZmWQuluYyjPQtrtTHdU1YzTZ7bAPN4sITq2xi1679w==}
    dependencies:
      '@actions/io': 1.1.3
    dev: false

  /@actions/http-client@2.2.3:
    resolution: {integrity: sha512-mx8hyJi/hjFvbPokCg4uRd4ZX78t+YyRPtnKWwIl+RzNaVuFpQHfmlGVfsKEJN8LwTCvL+DfVgAM04XaHkm6bA==}
    dependencies:
      tunnel: 0.0.6
      undici: 5.29.0
    dev: false

  /@actions/io@1.1.3:
    resolution: {integrity: sha512-wi9JjgKLYS7U/z8PPbco+PvTb/nRWjeoFlJ1Qer83k/3C5PHQi28hiVdeE2kHXmIL99mQFawx8qt/JPjZilJ8Q==}
    dev: false

  /@fastify/busboy@2.1.1:
    resolution: {integrity: sha512-vBZP4NlzfOlerQTnba4aqZoMhE/a9HY7HRqoOPaETQcSQuWEIyZMHGfVu6w9wGtGK5fED5qRs2DteVCjOH60sA==}
    engines: {node: '>=14'}
    dev: false

  /@vercel/ncc@0.38.1:
    resolution: {integrity: sha512-IBBb+iI2NLu4VQn3Vwldyi2QwaXt5+hTyh58ggAMoCGE6DJmPvwL3KPBWcJl1m9LYPChBLE980Jw+CS4Wokqxw==}
    hasBin: true
    dev: true

  /tunnel@0.0.6:
    resolution: {integrity: sha512-1h/Lnq9yajKY2PEbBadPXj3VxsDDu844OnaAo52UVmIzIvwwtBPIuNvkjuzBlTWpfJyUbG3ez0KSBibQkj4ojg==}
    engines: {node: '>=0.6.11 <=0.7.0 || >=0.7.3'}
    dev: false

  /typescript@5.3.3:
    resolution: {integrity: sha512-pXWcraxM0uxAS+tN0AG/BF2TyqmHO014Z070UsJ+pFvYuRSq8KH8DmWpnbXe0pEPDHXZV3FcAbJkijJ5oNEnWw==}
    engines: {node: '>=14.17'}
    hasBin: true
    dev: true

  /undici@5.29.0:
    resolution: {integrity: sha512-raqeBD6NQK4SkWhQzeYKd1KmIG6dllBOTt55Rmkt4HtI9mwdWtJljnrXjAFUBLTSN67HWrOIZ3EPF4kjUw80Bg==}
    engines: {node: '>=14.0'}
    dependencies:
      '@fastify/busboy': 2.1.1
    dev: false
